
Microsoft Visual Studio Solution File, Format Version 12.00
# Visual Studio Version 17
VisualStudioVersion = 17.0.31903.59
MinimumVisualStudioVersion = 10.0.40219.1
Project("{FAE04EC0-301F-11D3-BF4B-00C04F79EFBC}") = "Design.Cohesion", "Design.Cohesion\Design.Cohesion.csproj", "{C8296FFB-802B-47B7-B7E8-487C5A954AB7}"
EndProject
Project("{FAE04EC0-301F-11D3-BF4B-00C04F79EFBC}") = "Design.Coupling", "Design.Coupling\Design.Coupling.csproj", "{646F876A-54EF-48A6-9726-6BD90A598FDE}"
EndProject
Global
	GlobalSection(SolutionConfigurationPlatforms) = preSolution
		Debug|Any CPU = Debug|Any CPU
		Release|Any CPU = Release|Any CPU
	EndGlobalSection
	GlobalSection(SolutionProperties) = preSolution
		HideSolutionNode = FALSE
	EndGlobalSection
	GlobalSection(ProjectConfigurationPlatforms) = postSolution
		{C8296FFB-802B-47B7-B7E8-487C5A954AB7}.Debug|Any CPU.ActiveCfg = Debug|Any CPU
		{C8296FFB-802B-47B7-B7E8-487C5A954AB7}.Debug|Any CPU.Build.0 = Debug|Any CPU
		{C8296FFB-802B-47B7-B7E8-487C5A954AB7}.Release|Any CPU.ActiveCfg = Release|Any CPU
		{C8296FFB-802B-47B7-B7E8-487C5A954AB7}.Release|Any CPU.Build.0 = Release|Any CPU
		{646F876A-54EF-48A6-9726-6BD90A598FDE}.Debug|Any CPU.ActiveCfg = Debug|Any CPU
		{646F876A-54EF-48A6-9726-6BD90A598FDE}.Debug|Any CPU.Build.0 = Debug|Any CPU
		{646F876A-54EF-48A6-9726-6BD90A598FDE}.Release|Any CPU.ActiveCfg = Release|Any CPU
		{646F876A-54EF-48A6-9726-6BD90A598FDE}.Release|Any CPU.Build.0 = Release|Any CPU
	EndGlobalSection
EndGlobal
