
Microsoft Visual Studio Solution File, Format Version 12.00
# Visual Studio Version 17
VisualStudioVersion = 17.0.31903.59
MinimumVisualStudioVersion = 10.0.40219.1
Project("{FAE04EC0-301F-11D3-BF4B-00C04F79EFBC}") = "Design.Cohesion", "Design.Cohesion\Design.Cohesion.csproj", "{4EB3CBF4-33A4-4419-BB21-F9769850AD6B}"
EndProject
Project("{FAE04EC0-301F-11D3-BF4B-00C04F79EFBC}") = "Design.Coupling", "Design.Coupling\Design.Coupling.csproj", "{89E3FA97-47FF-4372-A1AF-3FFEF3226E70}"
EndProject
Global
	GlobalSection(SolutionConfigurationPlatforms) = preSolution
		Debug|Any CPU = Debug|Any CPU
		Release|Any CPU = Release|Any CPU
	EndGlobalSection
	GlobalSection(SolutionProperties) = preSolution
		HideSolutionNode = FALSE
	EndGlobalSection
	GlobalSection(ProjectConfigurationPlatforms) = postSolution
		{4EB3CBF4-33A4-4419-BB21-F9769850AD6B}.Debug|Any CPU.ActiveCfg = Debug|Any CPU
		{4EB3CBF4-33A4-4419-BB21-F9769850AD6B}.Debug|Any CPU.Build.0 = Debug|Any CPU
		{4EB3CBF4-33A4-4419-BB21-F9769850AD6B}.Release|Any CPU.ActiveCfg = Release|Any CPU
		{4EB3CBF4-33A4-4419-BB21-F9769850AD6B}.Release|Any CPU.Build.0 = Release|Any CPU
		{89E3FA97-47FF-4372-A1AF-3FFEF3226E70}.Debug|Any CPU.ActiveCfg = Debug|Any CPU
		{89E3FA97-47FF-4372-A1AF-3FFEF3226E70}.Debug|Any CPU.Build.0 = Debug|Any CPU
		{89E3FA97-47FF-4372-A1AF-3FFEF3226E70}.Release|Any CPU.ActiveCfg = Release|Any CPU
		{89E3FA97-47FF-4372-A1AF-3FFEF3226E70}.Release|Any CPU.Build.0 = Release|Any CPU
	EndGlobalSection
EndGlobal
